// !$*UTF8*$!
{
	archiveVersion = 1;
	classes = {
	};
	objectVersion = 70;
	objects = {

/* Begin PBXBuildFile section */
		3C4342722C9DE378007A0409 /* FirebaseAnalytics in Frameworks */ = {isa = PBXBuildFile; productRef = 3C4342712C9DE378007A0409 /* FirebaseAnalytics */; };
		3C4342742C9DE378007A0409 /* FirebaseAnalyticsOnDeviceConversion in Frameworks */ = {isa = PBXBuildFile; productRef = 3C4342732C9DE378007A0409 /* FirebaseAnalyticsOnDeviceConversion */; };
		3C4342762C9DE378007A0409 /* FirebaseAnalyticsWithoutAdIdSupport in Frameworks */ = {isa = PBXBuildFile; productRef = 3C4342752C9DE378007A0409 /* FirebaseAnalyticsWithoutAdIdSupport */; };
		3C4342782C9DE378007A0409 /* FirebaseFirestore in Frameworks */ = {isa = PBXBuildFile; productRef = 3C4342772C9DE378007A0409 /* FirebaseFirestore */; };
		3C43427A2C9DE378007A0409 /* FirebaseFirestoreCombine-Community in Frameworks */ = {isa = PBXBuildFile; productRef = 3C4342792C9DE378007A0409 /* FirebaseFirestoreCombine-Community */; };
		3C43427C2C9DE378007A0409 /* FirebaseStorage in Frameworks */ = {isa = PBXBuildFile; productRef = 3C43427B2C9DE378007A0409 /* FirebaseStorage */; };
		3C43427E2C9DE378007A0409 /* FirebaseStorageCombine-Community in Frameworks */ = {isa = PBXBuildFile; productRef = 3C43427D2C9DE378007A0409 /* FirebaseStorageCombine-Community */; };
		3CC45B6B2C80D1B000A39477 /* Prototype1App.swift in Sources */ = {isa = PBXBuildFile; fileRef = 3CC45B6A2C80D1B000A39477 /* Prototype1App.swift */; };
		3CC45B6F2C80D1B200A39477 /* Assets.xcassets in Resources */ = {isa = PBXBuildFile; fileRef = 3CC45B6E2C80D1B200A39477 /* Assets.xcassets */; };
		3CC45B722C80D1B200A39477 /* Preview Assets.xcassets in Resources */ = {isa = PBXBuildFile; fileRef = 3CC45B712C80D1B200A39477 /* Preview Assets.xcassets */; };
		62072A012CB734C500CBFF6F /* DeleteAccountView.swift in Sources */ = {isa = PBXBuildFile; fileRef = 62072A002CB734C500CBFF6F /* DeleteAccountView.swift */; };
		620A97982CAF64B3008DB7DE /* AuthenticationViewModel.swift in Sources */ = {isa = PBXBuildFile; fileRef = 620A97972CAF64B3008DB7DE /* AuthenticationViewModel.swift */; };
		627442232CAE29CB006A4DD5 /* GoogleService-Info.plist in Resources */ = {isa = PBXBuildFile; fileRef = 627442222CAE29CB006A4DD5 /* GoogleService-Info.plist */; };
		627442262CAE31BE006A4DD5 /* FirebaseAuth in Frameworks */ = {isa = PBXBuildFile; productRef = 627442252CAE31BE006A4DD5 /* FirebaseAuth */; };
		6274424B2CAE3289006A4DD5 /* LoginView.swift in Sources */ = {isa = PBXBuildFile; fileRef = 6274424A2CAE3289006A4DD5 /* LoginView.swift */; };
		6274424D2CAE3296006A4DD5 /* RegisterView.swift in Sources */ = {isa = PBXBuildFile; fileRef = 6274424C2CAE3296006A4DD5 /* RegisterView.swift */; };
		628871FA2CAE5F630014BEBD /* AuthenticationView.swift in Sources */ = {isa = PBXBuildFile; fileRef = 628871F92CAE5F630014BEBD /* AuthenticationView.swift */; };
		62C4193D2CB0CC000082D41D /* Launch Screen.storyboard in Resources */ = {isa = PBXBuildFile; fileRef = 62C4193C2CB0CC000082D41D /* Launch Screen.storyboard */; };
/* End PBXBuildFile section */

/* Begin PBXFileReference section */
		3CC45B672C80D1B000A39477 /* Prototype1.app */ = {isa = PBXFileReference; explicitFileType = wrapper.application; includeInIndex = 0; path = Prototype1.app; sourceTree = BUILT_PRODUCTS_DIR; };
		3CC45B6A2C80D1B000A39477 /* Prototype1App.swift */ = {isa = PBXFileReference; lastKnownFileType = sourcecode.swift; path = Prototype1App.swift; sourceTree = "<group>"; };
		3CC45B6E2C80D1B200A39477 /* Assets.xcassets */ = {isa = PBXFileReference; lastKnownFileType = folder.assetcatalog; path = Assets.xcassets; sourceTree = "<group>"; };
		3CC45B712C80D1B200A39477 /* Preview Assets.xcassets */ = {isa = PBXFileReference; lastKnownFileType = folder.assetcatalog; path = "Preview Assets.xcassets"; sourceTree = "<group>"; };
		62072A002CB734C500CBFF6F /* DeleteAccountView.swift */ = {isa = PBXFileReference; lastKnownFileType = sourcecode.swift; path = DeleteAccountView.swift; sourceTree = "<group>"; };
		620A97972CAF64B3008DB7DE /* AuthenticationViewModel.swift */ = {isa = PBXFileReference; lastKnownFileType = sourcecode.swift; path = AuthenticationViewModel.swift; sourceTree = "<group>"; };
		627442222CAE29CB006A4DD5 /* GoogleService-Info.plist */ = {isa = PBXFileReference; lastKnownFileType = text.plist.xml; path = "GoogleService-Info.plist"; sourceTree = "<group>"; };
		6274424A2CAE3289006A4DD5 /* LoginView.swift */ = {isa = PBXFileReference; lastKnownFileType = sourcecode.swift; path = LoginView.swift; sourceTree = "<group>"; };
		6274424C2CAE3296006A4DD5 /* RegisterView.swift */ = {isa = PBXFileReference; lastKnownFileType = sourcecode.swift; path = RegisterView.swift; sourceTree = "<group>"; };
		628871F92CAE5F630014BEBD /* AuthenticationView.swift */ = {isa = PBXFileReference; lastKnownFileType = sourcecode.swift; path = AuthenticationView.swift; sourceTree = "<group>"; };
		62C4193C2CB0CC000082D41D /* Launch Screen.storyboard */ = {isa = PBXFileReference; lastKnownFileType = file.storyboard; path = "Launch Screen.storyboard"; sourceTree = "<group>"; };
/* End PBXFileReference section */

/* Begin PBXFileSystemSynchronizedRootGroup section */
		612E82E72CB6175B0075953B /* Calendario */ = {isa = PBXFileSystemSynchronizedRootGroup; explicitFileTypes = {}; explicitFolders = (); path = Calendario; sourceTree = "<group>"; };
		612E82F92CB61CA10075953B /* Mapa */ = {isa = PBXFileSystemSynchronizedRootGroup; explicitFileTypes = {}; explicitFolders = (); path = Mapa; sourceTree = "<group>"; };
		612E82FA2CB61DA30075953B /* Pantalla Principal */ = {isa = PBXFileSystemSynchronizedRootGroup; explicitFileTypes = {}; explicitFolders = (); path = "Pantalla Principal"; sourceTree = "<group>"; };
		612E82FB2CB61DB90075953B /* Donativos de ropa */ = {isa = PBXFileSystemSynchronizedRootGroup; explicitFileTypes = {}; explicitFolders = (); path = "Donativos de ropa"; sourceTree = "<group>"; };
		612E83352CB7654F0075953B /* Conoce al banco de Alimentos */ = {isa = PBXFileSystemSynchronizedRootGroup; explicitFileTypes = {}; explicitFolders = (); path = "Conoce al banco de Alimentos"; sourceTree = "<group>"; };
/* End PBXFileSystemSynchronizedRootGroup section */

/* Begin PBXFrameworksBuildPhase section */
		3CC45B642C80D1B000A39477 /* Frameworks */ = {
			isa = PBXFrameworksBuildPhase;
			buildActionMask = 2147483647;
			files = (
				3C4342722C9DE378007A0409 /* FirebaseAnalytics in Frameworks */,
				3C43427E2C9DE378007A0409 /* FirebaseStorageCombine-Community in Frameworks */,
				3C4342782C9DE378007A0409 /* FirebaseFirestore in Frameworks */,
				3C4342762C9DE378007A0409 /* FirebaseAnalyticsWithoutAdIdSupport in Frameworks */,
				3C43427A2C9DE378007A0409 /* FirebaseFirestoreCombine-Community in Frameworks */,
				3C4342742C9DE378007A0409 /* FirebaseAnalyticsOnDeviceConversion in Frameworks */,
				3C43427C2C9DE378007A0409 /* FirebaseStorage in Frameworks */,
				627442262CAE31BE006A4DD5 /* FirebaseAuth in Frameworks */,
			);
			runOnlyForDeploymentPostprocessing = 0;
		};
/* End PBXFrameworksBuildPhase section */

/* Begin PBXGroup section */
		3CC45B5E2C80D1B000A39477 = {
			isa = PBXGroup;
			children = (
				3CC45B692C80D1B000A39477 /* Prototype1 */,
				627442242CAE31BE006A4DD5 /* Frameworks */,
				3CC45B682C80D1B000A39477 /* Products */,
			);
			sourceTree = "<group>";
		};
		3CC45B682C80D1B000A39477 /* Products */ = {
			isa = PBXGroup;
			children = (
				3CC45B672C80D1B000A39477 /* Prototype1.app */,
			);
			name = Products;
			sourceTree = "<group>";
		};
		3CC45B692C80D1B000A39477 /* Prototype1 */ = {
			isa = PBXGroup;
			children = (
				3CC45B6E2C80D1B200A39477 /* Assets.xcassets */,
				62C4193C2CB0CC000082D41D /* Launch Screen.storyboard */,
				627442222CAE29CB006A4DD5 /* GoogleService-Info.plist */,
				3CC45B6A2C80D1B000A39477 /* Prototype1App.swift */,
				612E83352CB7654F0075953B /* Conoce al banco de Alimentos */,
				612E82FB2CB61DB90075953B /* Donativos de ropa */,
				612E82FA2CB61DA30075953B /* Pantalla Principal */,
				612E82F92CB61CA10075953B /* Mapa */,
				612E82E72CB6175B0075953B /* Calendario */,
				6274424E2CAE329D006A4DD5 /* Authentication */,
				3CC45B702C80D1B200A39477 /* Preview Content */,
				62072A002CB734C500CBFF6F /* DeleteAccountView.swift */,
			);
			path = Prototype1;
			sourceTree = "<group>";
		};
		3CC45B702C80D1B200A39477 /* Preview Content */ = {
			isa = PBXGroup;
			children = (
				3CC45B712C80D1B200A39477 /* Preview Assets.xcassets */,
			);
			path = "Preview Content";
			sourceTree = "<group>";
		};
		627442242CAE31BE006A4DD5 /* Frameworks */ = {
			isa = PBXGroup;
			children = (
			);
			name = Frameworks;
			sourceTree = "<group>";
		};
		6274424E2CAE329D006A4DD5 /* Authentication */ = {
			isa = PBXGroup;
			children = (
				6274424A2CAE3289006A4DD5 /* LoginView.swift */,
				6274424C2CAE3296006A4DD5 /* RegisterView.swift */,
				628871F92CAE5F630014BEBD /* AuthenticationView.swift */,
				620A97972CAF64B3008DB7DE /* AuthenticationViewModel.swift */,
			);
			path = Authentication;
			sourceTree = "<group>";
		};
/* End PBXGroup section */

/* Begin PBXNativeTarget section */
		3CC45B662C80D1B000A39477 /* Prototype1 */ = {
			isa = PBXNativeTarget;
			buildConfigurationList = 3CC45B752C80D1B200A39477 /* Build configuration list for PBXNativeTarget "Prototype1" */;
			buildPhases = (
				3CC45B632C80D1B000A39477 /* Sources */,
				3CC45B642C80D1B000A39477 /* Frameworks */,
				3CC45B652C80D1B000A39477 /* Resources */,
			);
			buildRules = (
			);
			dependencies = (
			);
			fileSystemSynchronizedGroups = (
				612E82E72CB6175B0075953B /* Calendario */,
				612E82F92CB61CA10075953B /* Mapa */,
				612E82FA2CB61DA30075953B /* Pantalla Principal */,
				612E82FB2CB61DB90075953B /* Donativos de ropa */,
				612E83352CB7654F0075953B /* Conoce al banco de Alimentos */,
			);
			name = Prototype1;
			packageProductDependencies = (
				3C4342712C9DE378007A0409 /* FirebaseAnalytics */,
				3C4342732C9DE378007A0409 /* FirebaseAnalyticsOnDeviceConversion */,
				3C4342752C9DE378007A0409 /* FirebaseAnalyticsWithoutAdIdSupport */,
				3C4342772C9DE378007A0409 /* FirebaseFirestore */,
				3C4342792C9DE378007A0409 /* FirebaseFirestoreCombine-Community */,
				3C43427B2C9DE378007A0409 /* FirebaseStorage */,
				3C43427D2C9DE378007A0409 /* FirebaseStorageCombine-Community */,
				627442252CAE31BE006A4DD5 /* FirebaseAuth */,
			);
			productName = Prototype1;
			productReference = 3CC45B672C80D1B000A39477 /* Prototype1.app */;
			productType = "com.apple.product-type.application";
		};
/* End PBXNativeTarget section */

/* Begin PBXProject section */
		3CC45B5F2C80D1B000A39477 /* Project object */ = {
			isa = PBXProject;
			attributes = {
				BuildIndependentTargetsInParallel = 1;
				LastSwiftUpdateCheck = 1540;
				LastUpgradeCheck = 1540;
				TargetAttributes = {
					3CC45B662C80D1B000A39477 = {
						CreatedOnToolsVersion = 15.4;
					};
				};
			};
			buildConfigurationList = 3CC45B622C80D1B000A39477 /* Build configuration list for PBXProject "Prototype1" */;
			compatibilityVersion = "Xcode 14.0";
			developmentRegion = en;
			hasScannedForEncodings = 0;
			knownRegions = (
				en,
				Base,
			);
			mainGroup = 3CC45B5E2C80D1B000A39477;
			packageReferences = (
				3C4342702C9DE378007A0409 /* XCRemoteSwiftPackageReference "firebase-ios-sdk" */,
			);
			productRefGroup = 3CC45B682C80D1B000A39477 /* Products */;
			projectDirPath = "";
			projectRoot = "";
			targets = (
				3CC45B662C80D1B000A39477 /* Prototype1 */,
			);
		};
/* End PBXProject section */

/* Begin PBXResourcesBuildPhase section */
		3CC45B652C80D1B000A39477 /* Resources */ = {
			isa = PBXResourcesBuildPhase;
			buildActionMask = 2147483647;
			files = (
				3CC45B722C80D1B200A39477 /* Preview Assets.xcassets in Resources */,
				3CC45B6F2C80D1B200A39477 /* Assets.xcassets in Resources */,
				62C4193D2CB0CC000082D41D /* Launch Screen.storyboard in Resources */,
				627442232CAE29CB006A4DD5 /* GoogleService-Info.plist in Resources */,
			);
			runOnlyForDeploymentPostprocessing = 0;
		};
/* End PBXResourcesBuildPhase section */

/* Begin PBXSourcesBuildPhase section */
		3CC45B632C80D1B000A39477 /* Sources */ = {
			isa = PBXSourcesBuildPhase;
			buildActionMask = 2147483647;
			files = (
				6274424D2CAE3296006A4DD5 /* RegisterView.swift in Sources */,
				620A97982CAF64B3008DB7DE /* AuthenticationViewModel.swift in Sources */,
				628871FA2CAE5F630014BEBD /* AuthenticationView.swift in Sources */,
				6274424B2CAE3289006A4DD5 /* LoginView.swift in Sources */,
				62072A012CB734C500CBFF6F /* DeleteAccountView.swift in Sources */,
				3CC45B6B2C80D1B000A39477 /* Prototype1App.swift in Sources */,
			);
			runOnlyForDeploymentPostprocessing = 0;
		};
/* End PBXSourcesBuildPhase section */

/* Begin XCBuildConfiguration section */
		3CC45B732C80D1B200A39477 /* Debug */ = {
			isa = XCBuildConfiguration;
			buildSettings = {
				ALWAYS_SEARCH_USER_PATHS = NO;
				ASSETCATALOG_COMPILER_GENERATE_SWIFT_ASSET_SYMBOL_EXTENSIONS = YES;
				CLANG_ANALYZER_NONNULL = YES;
				CLANG_ANALYZER_NUMBER_OBJECT_CONVERSION = YES_AGGRESSIVE;
				CLANG_CXX_LANGUAGE_STANDARD = "gnu++20";
				CLANG_ENABLE_MODULES = YES;
				CLANG_ENABLE_OBJC_ARC = YES;
				CLANG_ENABLE_OBJC_WEAK = YES;
				CLANG_WARN_BLOCK_CAPTURE_AUTORELEASING = YES;
				CLANG_WARN_BOOL_CONVERSION = YES;
				CLANG_WARN_COMMA = YES;
				CLANG_WARN_CONSTANT_CONVERSION = YES;
				CLANG_WARN_DEPRECATED_OBJC_IMPLEMENTATIONS = YES;
				CLANG_WARN_DIRECT_OBJC_ISA_USAGE = YES_ERROR;
				CLANG_WARN_DOCUMENTATION_COMMENTS = YES;
				CLANG_WARN_EMPTY_BODY = YES;
				CLANG_WARN_ENUM_CONVERSION = YES;
				CLANG_WARN_INFINITE_RECURSION = YES;
				CLANG_WARN_INT_CONVERSION = YES;
				CLANG_WARN_NON_LITERAL_NULL_CONVERSION = YES;
				CLANG_WARN_OBJC_IMPLICIT_RETAIN_SELF = YES;
				CLANG_WARN_OBJC_LITERAL_CONVERSION = YES;
				CLANG_WARN_OBJC_ROOT_CLASS = YES_ERROR;
				CLANG_WARN_QUOTED_INCLUDE_IN_FRAMEWORK_HEADER = YES;
				CLANG_WARN_RANGE_LOOP_ANALYSIS = YES;
				CLANG_WARN_STRICT_PROTOTYPES = YES;
				CLANG_WARN_SUSPICIOUS_MOVE = YES;
				CLANG_WARN_UNGUARDED_AVAILABILITY = YES_AGGRESSIVE;
				CLANG_WARN_UNREACHABLE_CODE = YES;
				CLANG_WARN__DUPLICATE_METHOD_MATCH = YES;
				COPY_PHASE_STRIP = NO;
				DEBUG_INFORMATION_FORMAT = dwarf;
				ENABLE_STRICT_OBJC_MSGSEND = YES;
				ENABLE_TESTABILITY = YES;
				ENABLE_USER_SCRIPT_SANDBOXING = YES;
				GCC_C_LANGUAGE_STANDARD = gnu17;
				GCC_DYNAMIC_NO_PIC = NO;
				GCC_NO_COMMON_BLOCKS = YES;
				GCC_OPTIMIZATION_LEVEL = 0;
				GCC_PREPROCESSOR_DEFINITIONS = (
					"DEBUG=1",
					"$(inherited)",
				);
				GCC_WARN_64_TO_32_BIT_CONVERSION = YES;
				GCC_WARN_ABOUT_RETURN_TYPE = YES_ERROR;
				GCC_WARN_UNDECLARED_SELECTOR = YES;
				GCC_WARN_UNINITIALIZED_AUTOS = YES_AGGRESSIVE;
				GCC_WARN_UNUSED_FUNCTION = YES;
				GCC_WARN_UNUSED_VARIABLE = YES;
				IPHONEOS_DEPLOYMENT_TARGET = 17.5;
				LOCALIZATION_PREFERS_STRING_CATALOGS = YES;
				MTL_ENABLE_DEBUG_INFO = INCLUDE_SOURCE;
				MTL_FAST_MATH = YES;
				ONLY_ACTIVE_ARCH = YES;
				SDKROOT = iphoneos;
				SWIFT_ACTIVE_COMPILATION_CONDITIONS = "DEBUG $(inherited)";
				SWIFT_OPTIMIZATION_LEVEL = "-Onone";
			};
			name = Debug;
		};
		3CC45B742C80D1B200A39477 /* Release */ = {
			isa = XCBuildConfiguration;
			buildSettings = {
				ALWAYS_SEARCH_USER_PATHS = NO;
				ASSETCATALOG_COMPILER_GENERATE_SWIFT_ASSET_SYMBOL_EXTENSIONS = YES;
				CLANG_ANALYZER_NONNULL = YES;
				CLANG_ANALYZER_NUMBER_OBJECT_CONVERSION = YES_AGGRESSIVE;
				CLANG_CXX_LANGUAGE_STANDARD = "gnu++20";
				CLANG_ENABLE_MODULES = YES;
				CLANG_ENABLE_OBJC_ARC = YES;
				CLANG_ENABLE_OBJC_WEAK = YES;
				CLANG_WARN_BLOCK_CAPTURE_AUTORELEASING = YES;
				CLANG_WARN_BOOL_CONVERSION = YES;
				CLANG_WARN_COMMA = YES;
				CLANG_WARN_CONSTANT_CONVERSION = YES;
				CLANG_WARN_DEPRECATED_OBJC_IMPLEMENTATIONS = YES;
				CLANG_WARN_DIRECT_OBJC_ISA_USAGE = YES_ERROR;
				CLANG_WARN_DOCUMENTATION_COMMENTS = YES;
				CLANG_WARN_EMPTY_BODY = YES;
				CLANG_WARN_ENUM_CONVERSION = YES;
				CLANG_WARN_INFINITE_RECURSION = YES;
				CLANG_WARN_INT_CONVERSION = YES;
				CLANG_WARN_NON_LITERAL_NULL_CONVERSION = YES;
				CLANG_WARN_OBJC_IMPLICIT_RETAIN_SELF = YES;
				CLANG_WARN_OBJC_LITERAL_CONVERSION = YES;
				CLANG_WARN_OBJC_ROOT_CLASS = YES_ERROR;
				CLANG_WARN_QUOTED_INCLUDE_IN_FRAMEWORK_HEADER = YES;
				CLANG_WARN_RANGE_LOOP_ANALYSIS = YES;
				CLANG_WARN_STRICT_PROTOTYPES = YES;
				CLANG_WARN_SUSPICIOUS_MOVE = YES;
				CLANG_WARN_UNGUARDED_AVAILABILITY = YES_AGGRESSIVE;
				CLANG_WARN_UNREACHABLE_CODE = YES;
				CLANG_WARN__DUPLICATE_METHOD_MATCH = YES;
				COPY_PHASE_STRIP = NO;
				DEBUG_INFORMATION_FORMAT = "dwarf-with-dsym";
				ENABLE_NS_ASSERTIONS = NO;
				ENABLE_STRICT_OBJC_MSGSEND = YES;
				ENABLE_USER_SCRIPT_SANDBOXING = YES;
				GCC_C_LANGUAGE_STANDARD = gnu17;
				GCC_NO_COMMON_BLOCKS = YES;
				GCC_WARN_64_TO_32_BIT_CONVERSION = YES;
				GCC_WARN_ABOUT_RETURN_TYPE = YES_ERROR;
				GCC_WARN_UNDECLARED_SELECTOR = YES;
				GCC_WARN_UNINITIALIZED_AUTOS = YES_AGGRESSIVE;
				GCC_WARN_UNUSED_FUNCTION = YES;
				GCC_WARN_UNUSED_VARIABLE = YES;
				IPHONEOS_DEPLOYMENT_TARGET = 17.5;
				LOCALIZATION_PREFERS_STRING_CATALOGS = YES;
				MTL_ENABLE_DEBUG_INFO = NO;
				MTL_FAST_MATH = YES;
				SDKROOT = iphoneos;
				SWIFT_COMPILATION_MODE = wholemodule;
				VALIDATE_PRODUCT = YES;
			};
			name = Release;
		};
		3CC45B762C80D1B200A39477 /* Debug */ = {
			isa = XCBuildConfiguration;
			buildSettings = {
				ASSETCATALOG_COMPILER_APPICON_NAME = AppIcon;
				ASSETCATALOG_COMPILER_GLOBAL_ACCENT_COLOR_NAME = AccentColor;
				ASSETCATALOG_COMPILER_INCLUDE_ALL_APPICON_ASSETS = NO;
				CODE_SIGN_STYLE = Automatic;
				CURRENT_PROJECT_VERSION = 1;
				DEVELOPMENT_ASSET_PATHS = "\"Prototype1/Preview Content\"";
				DEVELOPMENT_TEAM = "";
				ENABLE_PREVIEWS = YES;
				GENERATE_INFOPLIST_FILE = YES;
				INFOPLIST_KEY_UIApplicationSceneManifest_Generation = YES;
				INFOPLIST_KEY_UIApplicationSupportsIndirectInputEvents = YES;
				INFOPLIST_KEY_UILaunchScreen_Generation = YES;
				INFOPLIST_KEY_UISupportedInterfaceOrientations_iPad = "UIInterfaceOrientationPortrait UIInterfaceOrientationPortraitUpsideDown UIInterfaceOrientationLandscapeLeft UIInterfaceOrientationLandscapeRight";
				INFOPLIST_KEY_UISupportedInterfaceOrientations_iPhone = "UIInterfaceOrientationPortrait UIInterfaceOrientationLandscapeLeft UIInterfaceOrientationLandscapeRight";
				LD_RUNPATH_SEARCH_PATHS = (
					"$(inherited)",
					"@executable_path/Frameworks",
				);
				MARKETING_VERSION = 1.0;
				PRODUCT_BUNDLE_IDENTIFIER = mx.itesm.josue.Prototype1;
				PRODUCT_NAME = "$(TARGET_NAME)";
				SUPPORTED_PLATFORMS = "iphoneos iphonesimulator";
				SUPPORTS_MACCATALYST = NO;
				SUPPORTS_XR_DESIGNED_FOR_IPHONE_IPAD = NO;
				SWIFT_EMIT_LOC_STRINGS = YES;
				SWIFT_VERSION = 5.0;
				TARGETED_DEVICE_FAMILY = "1,2";
			};
			name = Debug;
		};
		3CC45B772C80D1B200A39477 /* Release */ = {
			isa = XCBuildConfiguration;
			buildSettings = {
				ASSETCATALOG_COMPILER_APPICON_NAME = AppIcon;
				ASSETCATALOG_COMPILER_GLOBAL_ACCENT_COLOR_NAME = AccentColor;
				ASSETCATALOG_COMPILER_INCLUDE_ALL_APPICON_ASSETS = NO;
				CODE_SIGN_STYLE = Automatic;
				CURRENT_PROJECT_VERSION = 1;
				DEVELOPMENT_ASSET_PATHS = "\"Prototype1/Preview Content\"";
				DEVELOPMENT_TEAM = 9A68LKNVBP;
				ENABLE_PREVIEWS = YES;
				GENERATE_INFOPLIST_FILE = YES;
				INFOPLIST_KEY_UIApplicationSceneManifest_Generation = YES;
				INFOPLIST_KEY_UIApplicationSupportsIndirectInputEvents = YES;
				INFOPLIST_KEY_UILaunchScreen_Generation = YES;
				INFOPLIST_KEY_UISupportedInterfaceOrientations_iPad = "UIInterfaceOrientationPortrait UIInterfaceOrientationPortraitUpsideDown UIInterfaceOrientationLandscapeLeft UIInterfaceOrientationLandscapeRight";
				INFOPLIST_KEY_UISupportedInterfaceOrientations_iPhone = "UIInterfaceOrientationPortrait UIInterfaceOrientationLandscapeLeft UIInterfaceOrientationLandscapeRight";
				LD_RUNPATH_SEARCH_PATHS = (
					"$(inherited)",
					"@executable_path/Frameworks",
				);
				MARKETING_VERSION = 1.0;
				PRODUCT_BUNDLE_IDENTIFIER = mx.itesm.josue.Prototype1;
				PRODUCT_NAME = "$(TARGET_NAME)";
				SUPPORTED_PLATFORMS = "iphoneos iphonesimulator";
				SUPPORTS_MACCATALYST = NO;
				SUPPORTS_XR_DESIGNED_FOR_IPHONE_IPAD = NO;
				SWIFT_EMIT_LOC_STRINGS = YES;
				SWIFT_VERSION = 5.0;
				TARGETED_DEVICE_FAMILY = "1,2";
			};
			name = Release;
		};
/* End XCBuildConfiguration section */

/* Begin XCConfigurationList section */
		3CC45B622C80D1B000A39477 /* Build configuration list for PBXProject "Prototype1" */ = {
			isa = XCConfigurationList;
			buildConfigurations = (
				3CC45B732C80D1B200A39477 /* Debug */,
				3CC45B742C80D1B200A39477 /* Release */,
			);
			defaultConfigurationIsVisible = 0;
			defaultConfigurationName = Release;
		};
		3CC45B752C80D1B200A39477 /* Build configuration list for PBXNativeTarget "Prototype1" */ = {
			isa = XCConfigurationList;
			buildConfigurations = (
				3CC45B762C80D1B200A39477 /* Debug */,
				3CC45B772C80D1B200A39477 /* Release */,
			);
			defaultConfigurationIsVisible = 0;
			defaultConfigurationName = Release;
		};
/* End XCConfigurationList section */

/* Begin XCRemoteSwiftPackageReference section */
		3C4342702C9DE378007A0409 /* XCRemoteSwiftPackageReference "firebase-ios-sdk" */ = {
			isa = XCRemoteSwiftPackageReference;
			repositoryURL = "https://github.com/firebase/firebase-ios-sdk";
			requirement = {
				kind = upToNextMajorVersion;
				minimumVersion = 11.2.0;
			};
		};
/* End XCRemoteSwiftPackageReference section */

/* Begin XCSwiftPackageProductDependency section */
		3C4342712C9DE378007A0409 /* FirebaseAnalytics */ = {
			isa = XCSwiftPackageProductDependency;
			package = 3C4342702C9DE378007A0409 /* XCRemoteSwiftPackageReference "firebase-ios-sdk" */;
			productName = FirebaseAnalytics;
		};
		3C4342732C9DE378007A0409 /* FirebaseAnalyticsOnDeviceConversion */ = {
			isa = XCSwiftPackageProductDependency;
			package = 3C4342702C9DE378007A0409 /* XCRemoteSwiftPackageReference "firebase-ios-sdk" */;
			productName = FirebaseAnalyticsOnDeviceConversion;
		};
		3C4342752C9DE378007A0409 /* FirebaseAnalyticsWithoutAdIdSupport */ = {
			isa = XCSwiftPackageProductDependency;
			package = 3C4342702C9DE378007A0409 /* XCRemoteSwiftPackageReference "firebase-ios-sdk" */;
			productName = FirebaseAnalyticsWithoutAdIdSupport;
		};
		3C4342772C9DE378007A0409 /* FirebaseFirestore */ = {
			isa = XCSwiftPackageProductDependency;
			package = 3C4342702C9DE378007A0409 /* XCRemoteSwiftPackageReference "firebase-ios-sdk" */;
			productName = FirebaseFirestore;
		};
		3C4342792C9DE378007A0409 /* FirebaseFirestoreCombine-Community */ = {
			isa = XCSwiftPackageProductDependency;
			package = 3C4342702C9DE378007A0409 /* XCRemoteSwiftPackageReference "firebase-ios-sdk" */;
			productName = "FirebaseFirestoreCombine-Community";
		};
		3C43427B2C9DE378007A0409 /* FirebaseStorage */ = {
			isa = XCSwiftPackageProductDependency;
			package = 3C4342702C9DE378007A0409 /* XCRemoteSwiftPackageReference "firebase-ios-sdk" */;
			productName = FirebaseStorage;
		};
		3C43427D2C9DE378007A0409 /* FirebaseStorageCombine-Community */ = {
			isa = XCSwiftPackageProductDependency;
			package = 3C4342702C9DE378007A0409 /* XCRemoteSwiftPackageReference "firebase-ios-sdk" */;
			productName = "FirebaseStorageCombine-Community";
		};
		627442252CAE31BE006A4DD5 /* FirebaseAuth */ = {
			isa = XCSwiftPackageProductDependency;
			package = 3C4342702C9DE378007A0409 /* XCRemoteSwiftPackageReference "firebase-ios-sdk" */;
			productName = FirebaseAuth;
		};
/* End XCSwiftPackageProductDependency section */
	};
	rootObject = 3CC45B5F2C80D1B000A39477 /* Project object */;
}
